
Microsoft Visual Studio Solution File, Format Version 12.00
Project("{FAE04EC0-301F-11D3-BF4B-00C04F79EFBC}") = "AoC22", "AoC22\AoC22.csproj", "{6BD65E0B-C197-4730-AB26-3FB9EA4FFDB6}"
EndProject
Project("{FAE04EC0-301F-11D3-BF4B-00C04F79EFBC}") = "AoC22.Tests", "AoC22.Tests\AoC22.Tests.csproj", "{5765E7B0-95A0-41B2-8EF6-91B1047F25E2}"
EndProject
Project("{FAE04EC0-301F-11D3-BF4B-00C04F79EFBC}") = "AoC22.Web", "AoC22.Web\AoC22.Web.csproj", "{279500AE-93C8-4C82-967E-956BEA9798EB}"
EndProject
Global
	GlobalSection(SolutionConfigurationPlatforms) = preSolution
		Debug|Any CPU = Debug|Any CPU
		Release|Any CPU = Release|Any CPU
	EndGlobalSection
	GlobalSection(ProjectConfigurationPlatforms) = postSolution
		{6BD65E0B-C197-4730-AB26-3FB9EA4FFDB6}.Debug|Any CPU.ActiveCfg = Debug|Any CPU
		{6BD65E0B-C197-4730-AB26-3FB9EA4FFDB6}.Debug|Any CPU.Build.0 = Debug|Any CPU
		{6BD65E0B-C197-4730-AB26-3FB9EA4FFDB6}.Release|Any CPU.ActiveCfg = Release|Any CPU
		{6BD65E0B-C197-4730-AB26-3FB9EA4FFDB6}.Release|Any CPU.Build.0 = Release|Any CPU
		{5765E7B0-95A0-41B2-8EF6-91B1047F25E2}.Debug|Any CPU.ActiveCfg = Debug|Any CPU
		{5765E7B0-95A0-41B2-8EF6-91B1047F25E2}.Debug|Any CPU.Build.0 = Debug|Any CPU
		{5765E7B0-95A0-41B2-8EF6-91B1047F25E2}.Release|Any CPU.ActiveCfg = Release|Any CPU
		{5765E7B0-95A0-41B2-8EF6-91B1047F25E2}.Release|Any CPU.Build.0 = Release|Any CPU
		{279500AE-93C8-4C82-967E-956BEA9798EB}.Debug|Any CPU.ActiveCfg = Debug|Any CPU
		{279500AE-93C8-4C82-967E-956BEA9798EB}.Debug|Any CPU.Build.0 = Debug|Any CPU
		{279500AE-93C8-4C82-967E-956BEA9798EB}.Release|Any CPU.ActiveCfg = Release|Any CPU
		{279500AE-93C8-4C82-967E-956BEA9798EB}.Release|Any CPU.Build.0 = Release|Any CPU
	EndGlobalSection
EndGlobal
